
Microsoft Visual Studio Solution File, Format Version 12.00
# Visual Studio Version 16
VisualStudioVersion = 16.0.30204.135
MinimumVisualStudioVersion = 10.0.40219.1
Project("{FAE04EC0-301F-11D3-BF4B-00C04F79EFBC}") = "AmazonPriceScrape", "AmazonPriceScrape.csproj", "{2E32709B-A99C-4DF9-AB3E-A3721E3B32B7}"
EndProject
Global
	GlobalSection(SolutionConfigurationPlatforms) = preSolution
		Debug|Any CPU = Debug|Any CPU
		Release|Any CPU = Release|Any CPU
	EndGlobalSection
	GlobalSection(ProjectConfigurationPlatforms) = postSolution
		{2E32709B-A99C-4DF9-AB3E-A3721E3B32B7}.Debug|Any CPU.ActiveCfg = Debug|Any CPU
		{2E32709B-A99C-4DF9-AB3E-A3721E3B32B7}.Debug|Any CPU.Build.0 = Debug|Any CPU
		{2E32709B-A99C-4DF9-AB3E-A3721E3B32B7}.Release|Any CPU.ActiveCfg = Release|Any CPU
		{2E32709B-A99C-4DF9-AB3E-A3721E3B32B7}.Release|Any CPU.Build.0 = Release|Any CPU
	EndGlobalSection
	GlobalSection(SolutionProperties) = preSolution
		HideSolutionNode = FALSE
	EndGlobalSection
	GlobalSection(ExtensibilityGlobals) = postSolution
		SolutionGuid = {3BFBE536-21AF-4BBA-82CC-E1B7DD720C5A}
	EndGlobalSection
EndGlobal
